// !$*UTF8*$!
{
	archiveVersion = 1;
	classes = {
	};
	objectVersion = 56;
	objects = {

/* Begin PBXBuildFile section */
		A001 /* NetflixCloneApp.swift in Sources */ = {isa = PBXBuildFile; fileRef = B001 /* NetflixCloneApp.swift */; };
		A002 /* Theme.swift in Sources */ = {isa = PBXBuildFile; fileRef = B002 /* Theme.swift */; };
		A003 /* Movie.swift in Sources */ = {isa = PBXBuildFile; fileRef = B003 /* Movie.swift */; };
		A004 /* Profile.swift in Sources */ = {isa = PBXBuildFile; fileRef = B004 /* Profile.swift */; };
		A005 /* MockData.swift in Sources */ = {isa = PBXBuildFile; fileRef = B005 /* MockData.swift */; };
		A012 /* Assets.xcassets in Resources */ = {isa = PBXBuildFile; fileRef = B012 /* Assets.xcassets */; };
		B729F5E52F6A653D00541881 /* CachedAsyncImage.swift in Sources */ = {isa = PBXBuildFile; fileRef = B729F5E42F6A653D00541881 /* CachedAsyncImage.swift */; };
		B729F5E82F6A780F00541881 /* BebasNeue.otf in Resources */ = {isa = PBXBuildFile; fileRef = B729F5E62F6A780F00541881 /* BebasNeue.otf */; };
		B729F5F62F6A87BF00541881 /* NetflixSans-BlkIt.ttf in Resources */ = {isa = PBXBuildFile; fileRef = B729F5ED2F6A87BF00541881 /* NetflixSans-BlkIt.ttf */; };
		B729F5F72F6A87BF00541881 /* NetflixSans-Bd.ttf in Resources */ = {isa = PBXBuildFile; fileRef = B729F5EA2F6A87BF00541881 /* NetflixSans-Bd.ttf */; };
		B729F5F82F6A87BF00541881 /* NetflixSans-Blk.ttf in Resources */ = {isa = PBXBuildFile; fileRef = B729F5EC2F6A87BF00541881 /* NetflixSans-Blk.ttf */; };
		B729F5F92F6A87BF00541881 /* NetflixSans-Rg.ttf in Resources */ = {isa = PBXBuildFile; fileRef = B729F5F32F6A87BF00541881 /* NetflixSans-Rg.ttf */; };
		B729F5FA2F6A87BF00541881 /* NetflixSans-BdIt.ttf in Resources */ = {isa = PBXBuildFile; fileRef = B729F5EB2F6A87BF00541881 /* NetflixSans-BdIt.ttf */; };
		B729F5FB2F6A87BF00541881 /* NetflixSans-Lt.ttf in Resources */ = {isa = PBXBuildFile; fileRef = B729F5EF2F6A87BF00541881 /* NetflixSans-Lt.ttf */; };
		B729F5FC2F6A87BF00541881 /* NetflixSans-Th.ttf in Resources */ = {isa = PBXBuildFile; fileRef = B729F5F42F6A87BF00541881 /* NetflixSans-Th.ttf */; };
		B729F5FD2F6A87BF00541881 /* NetflixSans-It.ttf in Resources */ = {isa = PBXBuildFile; fileRef = B729F5EE2F6A87BF00541881 /* NetflixSans-It.ttf */; };
		B729F5FE2F6A87BF00541881 /* NetflixSans-LtIt.ttf in Resources */ = {isa = PBXBuildFile; fileRef = B729F5F02F6A87BF00541881 /* NetflixSans-LtIt.ttf */; };
		B729F5FF2F6A87BF00541881 /* NetflixSans-Md.ttf in Resources */ = {isa = PBXBuildFile; fileRef = B729F5F12F6A87BF00541881 /* NetflixSans-Md.ttf */; };
		B729F6002F6A87BF00541881 /* NetflixSans-MdIt.ttf in Resources */ = {isa = PBXBuildFile; fileRef = B729F5F22F6A87BF00541881 /* NetflixSans-MdIt.ttf */; };
		B729F6012F6A87BF00541881 /* NetflixSans-ThIt.ttf in Resources */ = {isa = PBXBuildFile; fileRef = B729F5F52F6A87BF00541881 /* NetflixSans-ThIt.ttf */; };
		B729F6032F6A892E00541881 /* FloatingLabelTextField.swift in Sources */ = {isa = PBXBuildFile; fileRef = B729F6022F6A892E00541881 /* FloatingLabelTextField.swift */; };
		B738E5022F69D0D100E93B53 /* NetflixBackgroundModifier.swift in Sources */ = {isa = PBXBuildFile; fileRef = B738E4FE2F69D0D100E93B53 /* NetflixBackgroundModifier.swift */; };
		B738E5032F69D0D100E93B53 /* AnimationConstants.swift in Sources */ = {isa = PBXBuildFile; fileRef = B738E4F72F69D0D100E93B53 /* AnimationConstants.swift */; };
		B738E5042F69D0D100E93B53 /* View+Extensions.swift in Sources */ = {isa = PBXBuildFile; fileRef = B738E4FC2F69D0D100E93B53 /* View+Extensions.swift */; };
		B738E5052F69D0D100E93B53 /* AppRouter.swift in Sources */ = {isa = PBXBuildFile; fileRef = B738E4F82F69D0D100E93B53 /* AppRouter.swift */; };
		B738E5062F69D0D100E93B53 /* String+Extensions.swift in Sources */ = {isa = PBXBuildFile; fileRef = B738E4FB2F69D0D100E93B53 /* String+Extensions.swift */; };
		B738E5072F69D0D100E93B53 /* DesignSystemPreview.swift in Sources */ = {isa = PBXBuildFile; fileRef = B738E4F92F69D0D100E93B53 /* DesignSystemPreview.swift */; };
		B738E5082F69D0D100E93B53 /* NetflixCardModifier.swift in Sources */ = {isa = PBXBuildFile; fileRef = B738E4FF2F69D0D100E93B53 /* NetflixCardModifier.swift */; };
		B738E5092F69D0D100E93B53 /* Color+Extensions.swift in Sources */ = {isa = PBXBuildFile; fileRef = B738E4FA2F69D0D100E93B53 /* Color+Extensions.swift */; };
		B738E50A2F69D0D100E93B53 /* NetflixTextModifier.swift in Sources */ = {isa = PBXBuildFile; fileRef = B738E5002F69D0D100E93B53 /* NetflixTextModifier.swift */; };
		B738E51A2F69D17400E93B53 /* MovieCard.swift in Sources */ = {isa = PBXBuildFile; fileRef = B738E50E2F69D17400E93B53 /* MovieCard.swift */; };
		B738E51B2F69D17400E93B53 /* BadgeLabel.swift in Sources */ = {isa = PBXBuildFile; fileRef = B738E50B2F69D17400E93B53 /* BadgeLabel.swift */; };
		B738E51C2F69D17400E93B53 /* HeroBanner.swift in Sources */ = {isa = PBXBuildFile; fileRef = B738E5142F69D17400E93B53 /* HeroBanner.swift */; };
		B738E51D2F69D17400E93B53 /* ContentRowView.swift in Sources */ = {isa = PBXBuildFile; fileRef = B738E5122F69D17400E93B53 /* ContentRowView.swift */; };
		B738E51E2F69D17400E93B53 /* ProfileAvatar.swift in Sources */ = {isa = PBXBuildFile; fileRef = B738E5102F69D17400E93B53 /* ProfileAvatar.swift */; };
		B738E51F2F69D17400E93B53 /* TopNavBar.swift in Sources */ = {isa = PBXBuildFile; fileRef = B738E5162F69D17400E93B53 /* TopNavBar.swift */; };
		B738E5202F69D17400E93B53 /* NetflixButton.swift in Sources */ = {isa = PBXBuildFile; fileRef = B738E50C2F69D17400E93B53 /* NetflixButton.swift */; };
		B738E5212F69D17400E93B53 /* PosterImage.swift in Sources */ = {isa = PBXBuildFile; fileRef = B738E50F2F69D17400E93B53 /* PosterImage.swift */; };
		B738E52A2F69D1FB00E93B53 /* SplashView.swift in Sources */ = {isa = PBXBuildFile; fileRef = B738E5282F69D1FB00E93B53 /* SplashView.swift */; };
		B738E52B2F69D1FB00E93B53 /* SignInView.swift in Sources */ = {isa = PBXBuildFile; fileRef = B738E5272F69D1FB00E93B53 /* SignInView.swift */; };
		B738E53A2F69D22B00E93B53 /* VideoPlayerView.swift in Sources */ = {isa = PBXBuildFile; fileRef = B738E5342F69D22B00E93B53 /* VideoPlayerView.swift */; };
		B738E53B2F69D22B00E93B53 /* SearchView.swift in Sources */ = {isa = PBXBuildFile; fileRef = B738E5382F69D22B00E93B53 /* SearchView.swift */; };
		B738E53C2F69D22B00E93B53 /* HomeView.swift in Sources */ = {isa = PBXBuildFile; fileRef = B738E5302F69D22B00E93B53 /* HomeView.swift */; };
		B738E53D2F69D22B00E93B53 /* DownloadsView.swift in Sources */ = {isa = PBXBuildFile; fileRef = B738E52E2F69D22B00E93B53 /* DownloadsView.swift */; };
		B738E53E2F69D22B00E93B53 /* ProfilePickerView.swift in Sources */ = {isa = PBXBuildFile; fileRef = B738E5362F69D22B00E93B53 /* ProfilePickerView.swift */; };
		B738E53F2F69D22B00E93B53 /* MainTabView.swift in Sources */ = {isa = PBXBuildFile; fileRef = B738E5312F69D22B00E93B53 /* MainTabView.swift */; };
		B738E5402F69D22B00E93B53 /* MovieDetailView.swift in Sources */ = {isa = PBXBuildFile; fileRef = B738E52C2F69D22B00E93B53 /* MovieDetailView.swift */; };
		B738E5412F69D22B00E93B53 /* PlaceholderViews.swift in Sources */ = {isa = PBXBuildFile; fileRef = B738E5322F69D22B00E93B53 /* PlaceholderViews.swift */; };
		B799ED402F6BB054006ECB0D /* AuthComponents.swift in Sources */ = {isa = PBXBuildFile; fileRef = B799ED3F2F6BB053006ECB0D /* AuthComponents.swift */; };
		F6CD39782F6AB3D900DA763C /* NetflixSpinner.swift in Sources */ = {isa = PBXBuildFile; fileRef = F6CD39772F6AB3D900DA763C /* NetflixSpinner.swift */; };
		F6CD397A2F6ABB2300DA763C /* OTPView.swift in Sources */ = {isa = PBXBuildFile; fileRef = F6CD39792F6ABB2300DA763C /* OTPView.swift */; };
/* End PBXBuildFile section */

/* Begin PBXFileReference section */
		B001 /* NetflixCloneApp.swift */ = {isa = PBXFileReference; lastKnownFileType = sourcecode.swift; path = NetflixCloneApp.swift; sourceTree = "<group>"; };
		B002 /* Theme.swift */ = {isa = PBXFileReference; lastKnownFileType = sourcecode.swift; path = Theme.swift; sourceTree = "<group>"; };
		B003 /* Movie.swift */ = {isa = PBXFileReference; lastKnownFileType = sourcecode.swift; path = Movie.swift; sourceTree = "<group>"; };
		B004 /* Profile.swift */ = {isa = PBXFileReference; lastKnownFileType = sourcecode.swift; path = Profile.swift; sourceTree = "<group>"; };
		B005 /* MockData.swift */ = {isa = PBXFileReference; lastKnownFileType = sourcecode.swift; path = MockData.swift; sourceTree = "<group>"; };
		B012 /* Assets.xcassets */ = {isa = PBXFileReference; lastKnownFileType = folder.assetcatalog; path = Assets.xcassets; sourceTree = "<group>"; };
		B729F5E42F6A653D00541881 /* CachedAsyncImage.swift */ = {isa = PBXFileReference; lastKnownFileType = sourcecode.swift; path = CachedAsyncImage.swift; sourceTree = "<group>"; };
		B729F5E62F6A780F00541881 /* BebasNeue.otf */ = {isa = PBXFileReference; lastKnownFileType = file; path = BebasNeue.otf; sourceTree = "<group>"; };
		B729F5EA2F6A87BF00541881 /* NetflixSans-Bd.ttf */ = {isa = PBXFileReference; lastKnownFileType = file; path = "NetflixSans-Bd.ttf"; sourceTree = "<group>"; };
		B729F5EB2F6A87BF00541881 /* NetflixSans-BdIt.ttf */ = {isa = PBXFileReference; lastKnownFileType = file; path = "NetflixSans-BdIt.ttf"; sourceTree = "<group>"; };
		B729F5EC2F6A87BF00541881 /* NetflixSans-Blk.ttf */ = {isa = PBXFileReference; lastKnownFileType = file; path = "NetflixSans-Blk.ttf"; sourceTree = "<group>"; };
		B729F5ED2F6A87BF00541881 /* NetflixSans-BlkIt.ttf */ = {isa = PBXFileReference; lastKnownFileType = file; path = "NetflixSans-BlkIt.ttf"; sourceTree = "<group>"; };
		B729F5EE2F6A87BF00541881 /* NetflixSans-It.ttf */ = {isa = PBXFileReference; lastKnownFileType = file; path = "NetflixSans-It.ttf"; sourceTree = "<group>"; };
		B729F5EF2F6A87BF00541881 /* NetflixSans-Lt.ttf */ = {isa = PBXFileReference; lastKnownFileType = file; path = "NetflixSans-Lt.ttf"; sourceTree = "<group>"; };
		B729F5F02F6A87BF00541881 /* NetflixSans-LtIt.ttf */ = {isa = PBXFileReference; lastKnownFileType = file; path = "NetflixSans-LtIt.ttf"; sourceTree = "<group>"; };
		B729F5F12F6A87BF00541881 /* NetflixSans-Md.ttf */ = {isa = PBXFileReference; lastKnownFileType = file; path = "NetflixSans-Md.ttf"; sourceTree = "<group>"; };
		B729F5F22F6A87BF00541881 /* NetflixSans-MdIt.ttf */ = {isa = PBXFileReference; lastKnownFileType = file; path = "NetflixSans-MdIt.ttf"; sourceTree = "<group>"; };
		B729F5F32F6A87BF00541881 /* NetflixSans-Rg.ttf */ = {isa = PBXFileReference; lastKnownFileType = file; path = "NetflixSans-Rg.ttf"; sourceTree = "<group>"; };
		B729F5F42F6A87BF00541881 /* NetflixSans-Th.ttf */ = {isa = PBXFileReference; lastKnownFileType = file; path = "NetflixSans-Th.ttf"; sourceTree = "<group>"; };
		B729F5F52F6A87BF00541881 /* NetflixSans-ThIt.ttf */ = {isa = PBXFileReference; lastKnownFileType = file; path = "NetflixSans-ThIt.ttf"; sourceTree = "<group>"; };
		B729F6022F6A892E00541881 /* FloatingLabelTextField.swift */ = {isa = PBXFileReference; lastKnownFileType = sourcecode.swift; path = FloatingLabelTextField.swift; sourceTree = "<group>"; };
		B738E4F72F69D0D100E93B53 /* AnimationConstants.swift */ = {isa = PBXFileReference; lastKnownFileType = sourcecode.swift; path = AnimationConstants.swift; sourceTree = "<group>"; };
		B738E4F82F69D0D100E93B53 /* AppRouter.swift */ = {isa = PBXFileReference; lastKnownFileType = sourcecode.swift; path = AppRouter.swift; sourceTree = "<group>"; };
		B738E4F92F69D0D100E93B53 /* DesignSystemPreview.swift */ = {isa = PBXFileReference; lastKnownFileType = sourcecode.swift; path = DesignSystemPreview.swift; sourceTree = "<group>"; };
		B738E4FA2F69D0D100E93B53 /* Color+Extensions.swift */ = {isa = PBXFileReference; lastKnownFileType = sourcecode.swift; path = "Color+Extensions.swift"; sourceTree = "<group>"; };
		B738E4FB2F69D0D100E93B53 /* String+Extensions.swift */ = {isa = PBXFileReference; lastKnownFileType = sourcecode.swift; path = "String+Extensions.swift"; sourceTree = "<group>"; };
		B738E4FC2F69D0D100E93B53 /* View+Extensions.swift */ = {isa = PBXFileReference; lastKnownFileType = sourcecode.swift; path = "View+Extensions.swift"; sourceTree = "<group>"; };
		B738E4FE2F69D0D100E93B53 /* NetflixBackgroundModifier.swift */ = {isa = PBXFileReference; lastKnownFileType = sourcecode.swift; path = NetflixBackgroundModifier.swift; sourceTree = "<group>"; };
		B738E4FF2F69D0D100E93B53 /* NetflixCardModifier.swift */ = {isa = PBXFileReference; lastKnownFileType = sourcecode.swift; path = NetflixCardModifier.swift; sourceTree = "<group>"; };
		B738E5002F69D0D100E93B53 /* NetflixTextModifier.swift */ = {isa = PBXFileReference; lastKnownFileType = sourcecode.swift; path = NetflixTextModifier.swift; sourceTree = "<group>"; };
		B738E50B2F69D17400E93B53 /* BadgeLabel.swift */ = {isa = PBXFileReference; lastKnownFileType = sourcecode.swift; path = BadgeLabel.swift; sourceTree = "<group>"; };
		B738E50C2F69D17400E93B53 /* NetflixButton.swift */ = {isa = PBXFileReference; lastKnownFileType = sourcecode.swift; path = NetflixButton.swift; sourceTree = "<group>"; };
		B738E50E2F69D17400E93B53 /* MovieCard.swift */ = {isa = PBXFileReference; lastKnownFileType = sourcecode.swift; path = MovieCard.swift; sourceTree = "<group>"; };
		B738E50F2F69D17400E93B53 /* PosterImage.swift */ = {isa = PBXFileReference; lastKnownFileType = sourcecode.swift; path = PosterImage.swift; sourceTree = "<group>"; };
		B738E5102F69D17400E93B53 /* ProfileAvatar.swift */ = {isa = PBXFileReference; lastKnownFileType = sourcecode.swift; path = ProfileAvatar.swift; sourceTree = "<group>"; };
		B738E5122F69D17400E93B53 /* ContentRowView.swift */ = {isa = PBXFileReference; lastKnownFileType = sourcecode.swift; path = ContentRowView.swift; sourceTree = "<group>"; };
		B738E5142F69D17400E93B53 /* HeroBanner.swift */ = {isa = PBXFileReference; lastKnownFileType = sourcecode.swift; path = HeroBanner.swift; sourceTree = "<group>"; };
		B738E5162F69D17400E93B53 /* TopNavBar.swift */ = {isa = PBXFileReference; lastKnownFileType = sourcecode.swift; path = TopNavBar.swift; sourceTree = "<group>"; };
		B738E5272F69D1FB00E93B53 /* SignInView.swift */ = {isa = PBXFileReference; lastKnownFileType = sourcecode.swift; path = SignInView.swift; sourceTree = "<group>"; };
		B738E5282F69D1FB00E93B53 /* SplashView.swift */ = {isa = PBXFileReference; lastKnownFileType = sourcecode.swift; path = SplashView.swift; sourceTree = "<group>"; };
		B738E52C2F69D22B00E93B53 /* MovieDetailView.swift */ = {isa = PBXFileReference; lastKnownFileType = sourcecode.swift; path = MovieDetailView.swift; sourceTree = "<group>"; };
		B738E52E2F69D22B00E93B53 /* DownloadsView.swift */ = {isa = PBXFileReference; lastKnownFileType = sourcecode.swift; path = DownloadsView.swift; sourceTree = "<group>"; };
		B738E5302F69D22B00E93B53 /* HomeView.swift */ = {isa = PBXFileReference; lastKnownFileType = sourcecode.swift; path = HomeView.swift; sourceTree = "<group>"; };
		B738E5312F69D22B00E93B53 /* MainTabView.swift */ = {isa = PBXFileReference; lastKnownFileType = sourcecode.swift; path = MainTabView.swift; sourceTree = "<group>"; };
		B738E5322F69D22B00E93B53 /* PlaceholderViews.swift */ = {isa = PBXFileReference; lastKnownFileType = sourcecode.swift; path = PlaceholderViews.swift; sourceTree = "<group>"; };
		B738E5342F69D22B00E93B53 /* VideoPlayerView.swift */ = {isa = PBXFileReference; lastKnownFileType = sourcecode.swift; path = VideoPlayerView.swift; sourceTree = "<group>"; };
		B738E5362F69D22B00E93B53 /* ProfilePickerView.swift */ = {isa = PBXFileReference; lastKnownFileType = sourcecode.swift; path = ProfilePickerView.swift; sourceTree = "<group>"; };
		B738E5382F69D22B00E93B53 /* SearchView.swift */ = {isa = PBXFileReference; lastKnownFileType = sourcecode.swift; path = SearchView.swift; sourceTree = "<group>"; };
		B799ED3F2F6BB053006ECB0D /* AuthComponents.swift */ = {isa = PBXFileReference; lastKnownFileType = sourcecode.swift; path = AuthComponents.swift; sourceTree = "<group>"; };
		F6CD39772F6AB3D900DA763C /* NetflixSpinner.swift */ = {isa = PBXFileReference; lastKnownFileType = sourcecode.swift; path = NetflixSpinner.swift; sourceTree = "<group>"; };
		F6CD39792F6ABB2300DA763C /* OTPView.swift */ = {isa = PBXFileReference; lastKnownFileType = sourcecode.swift; path = OTPView.swift; sourceTree = "<group>"; };
		PROD /* NetflixClone.app */ = {isa = PBXFileReference; explicitFileType = wrapper.application; includeInIndex = 0; path = NetflixClone.app; sourceTree = BUILT_PRODUCTS_DIR; };
/* End PBXFileReference section */

/* Begin PBXGroup section */
		B738E4FD2F69D0D100E93B53 /* Extensions */ = {
			isa = PBXGroup;
			children = (
				B729F5E42F6A653D00541881 /* CachedAsyncImage.swift */,
				B738E4FA2F69D0D100E93B53 /* Color+Extensions.swift */,
				B738E4FB2F69D0D100E93B53 /* String+Extensions.swift */,
				B738E4FC2F69D0D100E93B53 /* View+Extensions.swift */,
			);
			path = Extensions;
			sourceTree = "<group>";
		};
		B738E5012F69D0D100E93B53 /* Modifiers */ = {
			isa = PBXGroup;
			children = (
				B738E4FE2F69D0D100E93B53 /* NetflixBackgroundModifier.swift */,
				B738E4FF2F69D0D100E93B53 /* NetflixCardModifier.swift */,
				B738E5002F69D0D100E93B53 /* NetflixTextModifier.swift */,
			);
			path = Modifiers;
			sourceTree = "<group>";
		};
		B738E50D2F69D17400E93B53 /* Buttons */ = {
			isa = PBXGroup;
			children = (
				B738E50B2F69D17400E93B53 /* BadgeLabel.swift */,
				B738E50C2F69D17400E93B53 /* NetflixButton.swift */,
			);
			path = Buttons;
			sourceTree = "<group>";
		};
		B738E5112F69D17400E93B53 /* Cards */ = {
			isa = PBXGroup;
			children = (
				B738E50E2F69D17400E93B53 /* MovieCard.swift */,
				B738E50F2F69D17400E93B53 /* PosterImage.swift */,
				B738E5102F69D17400E93B53 /* ProfileAvatar.swift */,
			);
			path = Cards;
			sourceTree = "<group>";
		};
		B738E5132F69D17400E93B53 /* ContentRow */ = {
			isa = PBXGroup;
			children = (
				B738E5122F69D17400E93B53 /* ContentRowView.swift */,
			);
			path = ContentRow;
			sourceTree = "<group>";
		};
		B738E5152F69D17400E93B53 /* HeroBanner */ = {
			isa = PBXGroup;
			children = (
				B738E5142F69D17400E93B53 /* HeroBanner.swift */,
			);
			path = HeroBanner;
			sourceTree = "<group>";
		};
		B738E5172F69D17400E93B53 /* Navigation */ = {
			isa = PBXGroup;
			children = (
				B738E5162F69D17400E93B53 /* TopNavBar.swift */,
			);
			path = Navigation;
			sourceTree = "<group>";
		};
		B738E5182F69D17400E93B53 /* Player */ = {
			isa = PBXGroup;
			children = (
			);
			path = Player;
			sourceTree = "<group>";
		};
		B738E5192F69D17400E93B53 /* Components */ = {
			isa = PBXGroup;
			children = (
				B738E50D2F69D17400E93B53 /* Buttons */,
				B738E5112F69D17400E93B53 /* Cards */,
				B738E5132F69D17400E93B53 /* ContentRow */,
				B738E5152F69D17400E93B53 /* HeroBanner */,
				B738E5172F69D17400E93B53 /* Navigation */,
				B738E5182F69D17400E93B53 /* Player */,
				F6CD39772F6AB3D900DA763C /* NetflixSpinner.swift */,
				B729F6022F6A892E00541881 /* FloatingLabelTextField.swift */,
			);
			path = Components;
			sourceTree = "<group>";
		};
		B738E5292F69D1FB00E93B53 /* Auth */ = {
			isa = PBXGroup;
			children = (
				B799ED3F2F6BB053006ECB0D /* AuthComponents.swift */,
				F6CD39792F6ABB2300DA763C /* OTPView.swift */,
				B738E5272F69D1FB00E93B53 /* SignInView.swift */,
				B738E5282F69D1FB00E93B53 /* SplashView.swift */,
			);
			path = Auth;
			sourceTree = "<group>";
		};
		B738E52D2F69D22B00E93B53 /* Detail */ = {
			isa = PBXGroup;
			children = (
				B738E52C2F69D22B00E93B53 /* MovieDetailView.swift */,
			);
			path = Detail;
			sourceTree = "<group>";
		};
		B738E52F2F69D22B00E93B53 /* Downloads */ = {
			isa = PBXGroup;
			children = (
				B738E52E2F69D22B00E93B53 /* DownloadsView.swift */,
			);
			path = Downloads;
			sourceTree = "<group>";
		};
		B738E5332F69D22B00E93B53 /* Home */ = {
			isa = PBXGroup;
			children = (
				B738E5302F69D22B00E93B53 /* HomeView.swift */,
				B738E5312F69D22B00E93B53 /* MainTabView.swift */,
				B738E5322F69D22B00E93B53 /* PlaceholderViews.swift */,
			);
			path = Home;
			sourceTree = "<group>";
		};
		B738E5352F69D22B00E93B53 /* Player */ = {
			isa = PBXGroup;
			children = (
				B738E5342F69D22B00E93B53 /* VideoPlayerView.swift */,
			);
			path = Player;
			sourceTree = "<group>";
		};
		B738E5372F69D22B00E93B53 /* Profile */ = {
			isa = PBXGroup;
			children = (
				B738E5362F69D22B00E93B53 /* ProfilePickerView.swift */,
			);
			path = Profile;
			sourceTree = "<group>";
		};
		B738E5392F69D22B00E93B53 /* Search */ = {
			isa = PBXGroup;
			children = (
				B738E5382F69D22B00E93B53 /* SearchView.swift */,
			);
			path = Search;
			sourceTree = "<group>";
		};
		COREGRP /* Core */ = {
			isa = PBXGroup;
			children = (
				B738E5012F69D0D100E93B53 /* Modifiers */,
				B738E4FD2F69D0D100E93B53 /* Extensions */,
				B738E4F72F69D0D100E93B53 /* AnimationConstants.swift */,
				B738E4F82F69D0D100E93B53 /* AppRouter.swift */,
				B738E4F92F69D0D100E93B53 /* DesignSystemPreview.swift */,
				B001 /* NetflixCloneApp.swift */,
				B002 /* Theme.swift */,
			);
			path = Core;
			sourceTree = "<group>";
		};
		FEATGRP /* Features */ = {
			isa = PBXGroup;
			children = (
				B738E5292F69D1FB00E93B53 /* Auth */,
				B738E52D2F69D22B00E93B53 /* Detail */,
				B738E52F2F69D22B00E93B53 /* Downloads */,
				B738E5332F69D22B00E93B53 /* Home */,
				B738E5352F69D22B00E93B53 /* Player */,
				B738E5372F69D22B00E93B53 /* Profile */,
				B738E5392F69D22B00E93B53 /* Search */,
			);
			path = Features;
			sourceTree = "<group>";
		};
		MODGRP /* Models */ = {
			isa = PBXGroup;
			children = (
				B003 /* Movie.swift */,
				B004 /* Profile.swift */,
				B005 /* MockData.swift */,
			);
			path = Models;
			sourceTree = "<group>";
		};
		PRODGRP /* Products */ = {
			isa = PBXGroup;
			children = (
				PROD /* NetflixClone.app */,
			);
			name = Products;
			sourceTree = "<group>";
		};
		RESGRP /* Resources */ = {
			isa = PBXGroup;
			children = (
				B729F5EA2F6A87BF00541881 /* NetflixSans-Bd.ttf */,
				B729F5EB2F6A87BF00541881 /* NetflixSans-BdIt.ttf */,
				B729F5EC2F6A87BF00541881 /* NetflixSans-Blk.ttf */,
				B729F5ED2F6A87BF00541881 /* NetflixSans-BlkIt.ttf */,
				B729F5EE2F6A87BF00541881 /* NetflixSans-It.ttf */,
				B729F5EF2F6A87BF00541881 /* NetflixSans-Lt.ttf */,
				B729F5F02F6A87BF00541881 /* NetflixSans-LtIt.ttf */,
				B729F5F12F6A87BF00541881 /* NetflixSans-Md.ttf */,
				B729F5F22F6A87BF00541881 /* NetflixSans-MdIt.ttf */,
				B729F5F32F6A87BF00541881 /* NetflixSans-Rg.ttf */,
				B729F5F42F6A87BF00541881 /* NetflixSans-Th.ttf */,
				B729F5F52F6A87BF00541881 /* NetflixSans-ThIt.ttf */,
				B729F5E62F6A780F00541881 /* BebasNeue.otf */,
				B012 /* Assets.xcassets */,
			);
			path = Resources;
			sourceTree = "<group>";
		};
		ROOT = {
			isa = PBXGroup;
			children = (
				SRCGRP /* NetflixClone */,
				PRODGRP /* Products */,
			);
			sourceTree = "<group>";
		};
		SRCGRP /* NetflixClone */ = {
			isa = PBXGroup;
			children = (
				B738E5192F69D17400E93B53 /* Components */,
				COREGRP /* Core */,
				FEATGRP /* Features */,
				MODGRP /* Models */,
				RESGRP /* Resources */,
			);
			path = NetflixClone;
			sourceTree = "<group>";
		};
/* End PBXGroup section */

/* Begin PBXNativeTarget section */
		TARGET /* NetflixClone */ = {
			isa = PBXNativeTarget;
			buildConfigurationList = CONFLIST /* Build configuration list for PBXNativeTarget "NetflixClone" */;
			buildPhases = (
				SRCPHASE /* Sources */,
				RESPHASE /* Resources */,
			);
			buildRules = (
			);
			dependencies = (
			);
			name = NetflixClone;
			productName = NetflixClone;
			productReference = PROD /* NetflixClone.app */;
			productType = "com.apple.product-type.application";
		};
/* End PBXNativeTarget section */

/* Begin PBXProject section */
		PROJECT /* Project object */ = {
			isa = PBXProject;
			attributes = {
				BuildIndependentTargetsInParallel = 1;
				LastSwiftUpdateCheck = 1500;
				LastUpgradeCheck = 1500;
				TargetAttributes = {
					TARGET = {
						CreatedOnToolsVersion = 15.0;
					};
				};
			};
			buildConfigurationList = PROJCONFLIST /* Build configuration list for PBXProject "NetflixClone" */;
			compatibilityVersion = "Xcode 14.0";
			developmentRegion = en;
			hasScannedForEncodings = 0;
			knownRegions = (
				en,
				Base,
			);
			mainGroup = ROOT;
			productRefGroup = PRODGRP /* Products */;
			projectDirPath = "";
			projectRoot = "";
			targets = (
				TARGET /* NetflixClone */,
			);
		};
/* End PBXProject section */

/* Begin PBXResourcesBuildPhase section */
		RESPHASE /* Resources */ = {
			isa = PBXResourcesBuildPhase;
			buildActionMask = 2147483647;
			files = (
				B729F5E82F6A780F00541881 /* BebasNeue.otf in Resources */,
				A012 /* Assets.xcassets in Resources */,
				B729F5F62F6A87BF00541881 /* NetflixSans-BlkIt.ttf in Resources */,
				B729F5F72F6A87BF00541881 /* NetflixSans-Bd.ttf in Resources */,
				B729F5F82F6A87BF00541881 /* NetflixSans-Blk.ttf in Resources */,
				B729F5F92F6A87BF00541881 /* NetflixSans-Rg.ttf in Resources */,
				B729F5FA2F6A87BF00541881 /* NetflixSans-BdIt.ttf in Resources */,
				B729F5FB2F6A87BF00541881 /* NetflixSans-Lt.ttf in Resources */,
				B729F5FC2F6A87BF00541881 /* NetflixSans-Th.ttf in Resources */,
				B729F5FD2F6A87BF00541881 /* NetflixSans-It.ttf in Resources */,
				B729F5FE2F6A87BF00541881 /* NetflixSans-LtIt.ttf in Resources */,
				B729F5FF2F6A87BF00541881 /* NetflixSans-Md.ttf in Resources */,
				B729F6002F6A87BF00541881 /* NetflixSans-MdIt.ttf in Resources */,
				B729F6012F6A87BF00541881 /* NetflixSans-ThIt.ttf in Resources */,
			);
			runOnlyForDeploymentPostprocessing = 0;
		};
/* End PBXResourcesBuildPhase section */

/* Begin PBXSourcesBuildPhase section */
		SRCPHASE /* Sources */ = {
			isa = PBXSourcesBuildPhase;
			buildActionMask = 2147483647;
			files = (
				A001 /* NetflixCloneApp.swift in Sources */,
				A002 /* Theme.swift in Sources */,
				A003 /* Movie.swift in Sources */,
				A004 /* Profile.swift in Sources */,
				A005 /* MockData.swift in Sources */,
				B738E5022F69D0D100E93B53 /* NetflixBackgroundModifier.swift in Sources */,
				B729F6032F6A892E00541881 /* FloatingLabelTextField.swift in Sources */,
				B738E5032F69D0D100E93B53 /* AnimationConstants.swift in Sources */,
				B738E5042F69D0D100E93B53 /* View+Extensions.swift in Sources */,
				B738E5052F69D0D100E93B53 /* AppRouter.swift in Sources */,
				B738E5062F69D0D100E93B53 /* String+Extensions.swift in Sources */,
				B738E5072F69D0D100E93B53 /* DesignSystemPreview.swift in Sources */,
				B738E5082F69D0D100E93B53 /* NetflixCardModifier.swift in Sources */,
				B738E51A2F69D17400E93B53 /* MovieCard.swift in Sources */,
				F6CD397A2F6ABB2300DA763C /* OTPView.swift in Sources */,
				B738E51B2F69D17400E93B53 /* BadgeLabel.swift in Sources */,
				B738E51C2F69D17400E93B53 /* HeroBanner.swift in Sources */,
				B738E53A2F69D22B00E93B53 /* VideoPlayerView.swift in Sources */,
				B799ED402F6BB054006ECB0D /* AuthComponents.swift in Sources */,
				B738E53B2F69D22B00E93B53 /* SearchView.swift in Sources */,
				F6CD39782F6AB3D900DA763C /* NetflixSpinner.swift in Sources */,
				B738E53C2F69D22B00E93B53 /* HomeView.swift in Sources */,
				B738E53D2F69D22B00E93B53 /* DownloadsView.swift in Sources */,
				B738E53E2F69D22B00E93B53 /* ProfilePickerView.swift in Sources */,
				B738E53F2F69D22B00E93B53 /* MainTabView.swift in Sources */,
				B738E5402F69D22B00E93B53 /* MovieDetailView.swift in Sources */,
				B738E5412F69D22B00E93B53 /* PlaceholderViews.swift in Sources */,
				B738E51D2F69D17400E93B53 /* ContentRowView.swift in Sources */,
				B738E51E2F69D17400E93B53 /* ProfileAvatar.swift in Sources */,
				B738E51F2F69D17400E93B53 /* TopNavBar.swift in Sources */,
				B738E5202F69D17400E93B53 /* NetflixButton.swift in Sources */,
				B738E5212F69D17400E93B53 /* PosterImage.swift in Sources */,
				B729F5E52F6A653D00541881 /* CachedAsyncImage.swift in Sources */,
				B738E5092F69D0D100E93B53 /* Color+Extensions.swift in Sources */,
				B738E50A2F69D0D100E93B53 /* NetflixTextModifier.swift in Sources */,
				B738E52A2F69D1FB00E93B53 /* SplashView.swift in Sources */,
				B738E52B2F69D1FB00E93B53 /* SignInView.swift in Sources */,
			);
			runOnlyForDeploymentPostprocessing = 0;
		};
/* End PBXSourcesBuildPhase section */

/* Begin XCBuildConfiguration section */
		DEBUGCONF /* Debug */ = {
			isa = XCBuildConfiguration;
			buildSettings = {
				ALWAYS_SEARCH_USER_PATHS = NO;
				ASSETCATALOG_COMPILER_GENERATE_SWIFT_ASSET_SYMBOL_EXTENSIONS = YES;
				CLANG_ANALYZER_NONNULL = YES;
				CLANG_CXX_LANGUAGE_STANDARD = "gnu++20";
				CLANG_ENABLE_MODULES = YES;
				CLANG_ENABLE_OBJC_ARC = YES;
				CLANG_ENABLE_OBJC_WEAK = YES;
				COPY_PHASE_STRIP = NO;
				DEBUG_INFORMATION_FORMAT = dwarf;
				ENABLE_STRICT_OBJC_MSGSEND = YES;
				ENABLE_TESTABILITY = YES;
				GCC_C_LANGUAGE_STANDARD = gnu17;
				GCC_DYNAMIC_NO_PIC = NO;
				GCC_OPTIMIZATION_LEVEL = 0;
				GCC_PREPROCESSOR_DEFINITIONS = (
					"DEBUG=1",
					"$(inherited)",
				);
				MTL_ENABLE_DEBUG_INFO = INCLUDE_SOURCE;
				MTL_FAST_MATH = YES;
				ONLY_ACTIVE_ARCH = YES;
				SDKROOT = iphoneos;
				SWIFT_ACTIVE_COMPILATION_CONDITIONS = "DEBUG $(inherited)";
				SWIFT_OPTIMIZATION_LEVEL = "-Onone";
			};
			name = Debug;
		};
		RELEASECONF /* Release */ = {
			isa = XCBuildConfiguration;
			buildSettings = {
				ALWAYS_SEARCH_USER_PATHS = NO;
				ASSETCATALOG_COMPILER_GENERATE_SWIFT_ASSET_SYMBOL_EXTENSIONS = YES;
				CLANG_ANALYZER_NONNULL = YES;
				CLANG_CXX_LANGUAGE_STANDARD = "gnu++20";
				CLANG_ENABLE_MODULES = YES;
				CLANG_ENABLE_OBJC_ARC = YES;
				CLANG_ENABLE_OBJC_WEAK = YES;
				COPY_PHASE_STRIP = NO;
				DEBUG_INFORMATION_FORMAT = "dwarf-with-dsym";
				ENABLE_NS_ASSERTIONS = NO;
				ENABLE_STRICT_OBJC_MSGSEND = YES;
				GCC_C_LANGUAGE_STANDARD = gnu17;
				MTL_FAST_MATH = YES;
				SDKROOT = iphoneos;
				SWIFT_COMPILATION_MODE = wholemodule;
				VALIDATE_PRODUCT = YES;
			};
			name = Release;
		};
		TARGETDEBUG /* Debug */ = {
			isa = XCBuildConfiguration;
			buildSettings = {
				ASSETCATALOG_COMPILER_APPICON_NAME = AppIcon;
				ASSETCATALOG_COMPILER_GLOBAL_ACCENT_COLOR_NAME = AccentColor;
				CODE_SIGN_STYLE = Automatic;
				CURRENT_PROJECT_VERSION = 1;
				DEVELOPMENT_ASSET_PATHS = "\"NetflixClone/Preview Content\"";
				DEVELOPMENT_TEAM = 5Q66Q36S5W;
				ENABLE_PREVIEWS = YES;
				GENERATE_INFOPLIST_FILE = YES;
				INFOPLIST_KEY_UIApplicationSceneManifest_Generation = YES;
				INFOPLIST_KEY_UIApplicationSupportsIndirectInputEvents = YES;
				INFOPLIST_KEY_UILaunchScreen_Generation = YES;
				INFOPLIST_KEY_UIStatusBarStyle = UIStatusBarStyleLightContent;
				INFOPLIST_KEY_UISupportedInterfaceOrientations_iPhone = UIInterfaceOrientationPortrait;
				IPHONEOS_DEPLOYMENT_TARGET = 17.0;
				LD_RUNPATH_SEARCH_PATHS = (
					"$(inherited)",
					"@executable_path/Frameworks",
				);
				MARKETING_VERSION = 1.0;
				PRODUCT_BUNDLE_IDENTIFIER = com.netflixclone.app;
				PRODUCT_NAME = "$(TARGET_NAME)";
				SUPPORTED_PLATFORMS = "iphoneos iphonesimulator";
				SUPPORTS_MACCATALYST = NO;
				SWIFT_EMIT_LOC_STRINGS = YES;
				SWIFT_VERSION = 5.0;
				TARGETED_DEVICE_FAMILY = 1;
			};
			name = Debug;
		};
		TARGETRELEASE /* Release */ = {
			isa = XCBuildConfiguration;
			buildSettings = {
				ASSETCATALOG_COMPILER_APPICON_NAME = AppIcon;
				ASSETCATALOG_COMPILER_GLOBAL_ACCENT_COLOR_NAME = AccentColor;
				CODE_SIGN_STYLE = Automatic;
				CURRENT_PROJECT_VERSION = 1;
				DEVELOPMENT_ASSET_PATHS = "\"NetflixClone/Preview Content\"";
				DEVELOPMENT_TEAM = 5Q66Q36S5W;
				ENABLE_PREVIEWS = YES;
				GENERATE_INFOPLIST_FILE = YES;
				INFOPLIST_KEY_UIApplicationSceneManifest_Generation = YES;
				INFOPLIST_KEY_UIApplicationSupportsIndirectInputEvents = YES;
				INFOPLIST_KEY_UILaunchScreen_Generation = YES;
				INFOPLIST_KEY_UIStatusBarStyle = UIStatusBarStyleLightContent;
				INFOPLIST_KEY_UISupportedInterfaceOrientations_iPhone = UIInterfaceOrientationPortrait;
				IPHONEOS_DEPLOYMENT_TARGET = 17.0;
				LD_RUNPATH_SEARCH_PATHS = (
					"$(inherited)",
					"@executable_path/Frameworks",
				);
				MARKETING_VERSION = 1.0;
				PRODUCT_BUNDLE_IDENTIFIER = com.netflixclone.app;
				PRODUCT_NAME = "$(TARGET_NAME)";
				SUPPORTED_PLATFORMS = "iphoneos iphonesimulator";
				SUPPORTS_MACCATALYST = NO;
				SWIFT_EMIT_LOC_STRINGS = YES;
				SWIFT_VERSION = 5.0;
				TARGETED_DEVICE_FAMILY = 1;
			};
			name = Release;
		};
/* End XCBuildConfiguration section */

/* Begin XCConfigurationList section */
		CONFLIST /* Build configuration list for PBXNativeTarget "NetflixClone" */ = {
			isa = XCConfigurationList;
			buildConfigurations = (
				TARGETDEBUG /* Debug */,
				TARGETRELEASE /* Release */,
			);
			defaultConfigurationIsVisible = 0;
			defaultConfigurationName = Release;
		};
		PROJCONFLIST /* Build configuration list for PBXProject "NetflixClone" */ = {
			isa = XCConfigurationList;
			buildConfigurations = (
				DEBUGCONF /* Debug */,
				RELEASECONF /* Release */,
			);
			defaultConfigurationIsVisible = 0;
			defaultConfigurationName = Release;
		};
/* End XCConfigurationList section */
	};
	rootObject = PROJECT /* Project object */;
}
